{
  "version": 4,
  "terraform_version": "0.12.3",
  "serial": 80,
  "lineage": "f1475855-658c-84d6-1e12-881f54330568",
  "outputs": {},
  "resources": [
    {
      "mode": "managed",
      "type": "azurerm_network_interface",
      "name": "main",
      "provider": "provider.azurerm",
      "instances": [
        {
          "schema_version": 0,
          "attributes": {
            "applied_dns_servers": [],
            "dns_servers": [],
            "enable_accelerated_networking": false,
            "enable_ip_forwarding": false,
            "id": "/subscriptions/051f07ef-f597-4f62-80e5-f3515f5e0aa3/resourceGroups/SingleSSH-Group/providers/Microsoft.Network/networkInterfaces/SingleSSH-nic",
            "internal_dns_name_label": "",
            "internal_fqdn": "",
            "ip_configuration": [
              {
                "application_gateway_backend_address_pools_ids": [],
                "application_security_group_ids": [],
                "load_balancer_backend_address_pools_ids": [],
                "load_balancer_inbound_nat_rules_ids": [],
                "name": "SingleSSH-IP-Config",
                "primary": true,
                "private_ip_address": "",
                "private_ip_address_allocation": "dynamic",
                "private_ip_address_version": "IPv4",
                "public_ip_address_id": "/subscriptions/051f07ef-f597-4f62-80e5-f3515f5e0aa3/resourceGroups/SingleSSH-Group/providers/Microsoft.Network/publicIPAddresses/SingleSSH-IP",
                "subnet_id": "/subscriptions/051f07ef-f597-4f62-80e5-f3515f5e0aa3/resourceGroups/SingleSSH-Group/providers/Microsoft.Network/virtualNetworks/SingleSSH-network/subnets/internal"
              }
            ],
            "location": "uksouth",
            "mac_address": "",
            "name": "SingleSSH-nic",
            "network_security_group_id": "",
            "private_ip_address": "10.0.2.4",
            "private_ip_addresses": [
              "10.0.2.4"
            ],
            "resource_group_name": "SingleSSH-Group",
            "tags": {},
            "virtual_machine_id": null
          },
          "private": "bnVsbA==",
          "depends_on": [
            "azurerm_public_ip.main",
            "azurerm_resource_group.main",
            "azurerm_subnet.internal"
          ]
        }
      ]
    },
    {
      "mode": "managed",
      "type": "azurerm_network_security_group",
      "name": "main",
      "provider": "provider.azurerm",
      "instances": [
        {
          "schema_version": 0,
          "attributes": {
            "id": "/subscriptions/051f07ef-f597-4f62-80e5-f3515f5e0aa3/resourceGroups/SingleSSH-Group/providers/Microsoft.Network/networkSecurityGroups/SingleSSH-NSG",
            "location": "uksouth",
            "name": "SingleSSH-NSG",
            "resource_group_name": "SingleSSH-Group",
            "security_rule": [],
            "tags": {}
          },
          "private": "bnVsbA==",
          "depends_on": [
            "azurerm_resource_group.main"
          ]
        }
      ]
    },
    {
      "mode": "managed",
      "type": "azurerm_network_security_rule",
      "name": "main",
      "provider": "provider.azurerm",
      "instances": [
        {
          "schema_version": 0,
          "attributes": {
            "access": "Allow",
            "description": "",
            "destination_address_prefix": "*",
            "destination_address_prefixes": null,
            "destination_application_security_group_ids": null,
            "destination_port_range": "22",
            "destination_port_ranges": null,
            "direction": "Outbound",
            "id": "/subscriptions/051f07ef-f597-4f62-80e5-f3515f5e0aa3/resourceGroups/SingleSSH-Group/providers/Microsoft.Network/networkSecurityGroups/SingleSSH-NSG/securityRules/SSH",
            "name": "SSH",
            "network_security_group_name": "SingleSSH-NSG",
            "priority": 100,
            "protocol": "Tcp",
            "resource_group_name": "SingleSSH-Group",
            "source_address_prefix": "*",
            "source_address_prefixes": null,
            "source_application_security_group_ids": null,
            "source_port_range": "*",
            "source_port_ranges": null
          },
          "private": "bnVsbA==",
          "depends_on": [
            "azurerm_network_security_group.main",
            "azurerm_resource_group.main"
          ]
        }
      ]
    },
    {
      "mode": "managed",
      "type": "azurerm_public_ip",
      "name": "main",
      "provider": "provider.azurerm",
      "instances": [
        {
          "schema_version": 0,
          "attributes": {
            "allocation_method": "Static",
            "domain_name_label": "hms-270619153236",
            "fqdn": "hms-270619153236.uksouth.cloudapp.azure.com",
            "id": "/subscriptions/051f07ef-f597-4f62-80e5-f3515f5e0aa3/resourceGroups/SingleSSH-Group/providers/Microsoft.Network/publicIPAddresses/SingleSSH-IP",
            "idle_timeout_in_minutes": 4,
            "ip_address": "51.143.169.168",
            "ip_version": "IPv4",
            "location": "uksouth",
            "name": "SingleSSH-IP",
            "public_ip_address_allocation": "Static",
            "public_ip_prefix_id": null,
            "resource_group_name": "SingleSSH-Group",
            "reverse_fqdn": "",
            "sku": "Basic",
            "tags": {
              "environment": "Production"
            },
            "zones": null
          },
          "private": "bnVsbA==",
          "depends_on": [
            "azurerm_resource_group.main"
          ]
        }
      ]
    },
    {
      "mode": "managed",
      "type": "azurerm_resource_group",
      "name": "main",
      "provider": "provider.azurerm",
      "instances": [
        {
          "schema_version": 0,
          "attributes": {
            "id": "/subscriptions/051f07ef-f597-4f62-80e5-f3515f5e0aa3/resourceGroups/SingleSSH-Group",
            "location": "uksouth",
            "name": "SingleSSH-Group",
            "tags": {}
          },
          "private": "bnVsbA=="
        }
      ]
    },
    {
      "mode": "managed",
      "type": "azurerm_subnet",
      "name": "internal",
      "provider": "provider.azurerm",
      "instances": [
        {
          "schema_version": 0,
          "attributes": {
            "address_prefix": "10.0.2.0/24",
            "delegation": [],
            "id": "/subscriptions/051f07ef-f597-4f62-80e5-f3515f5e0aa3/resourceGroups/SingleSSH-Group/providers/Microsoft.Network/virtualNetworks/SingleSSH-network/subnets/internal",
            "ip_configurations": [],
            "name": "internal",
            "network_security_group_id": "",
            "resource_group_name": "SingleSSH-Group",
            "route_table_id": "",
            "service_endpoints": null,
            "virtual_network_name": "SingleSSH-network"
          },
          "private": "bnVsbA==",
          "depends_on": [
            "azurerm_resource_group.main",
            "azurerm_virtual_network.main"
          ]
        }
      ]
    },
    {
      "mode": "managed",
      "type": "azurerm_virtual_machine",
      "name": "main",
      "provider": "provider.azurerm",
      "instances": [
        {
          "status": "tainted",
          "schema_version": 0,
          "attributes": {
            "availability_set_id": null,
            "boot_diagnostics": [],
            "delete_data_disks_on_termination": false,
            "delete_os_disk_on_termination": false,
            "id": "/subscriptions/051f07ef-f597-4f62-80e5-f3515f5e0aa3/resourceGroups/SingleSSH-Group/providers/Microsoft.Compute/virtualMachines/SingleSSH-vm",
            "identity": [],
            "license_type": null,
            "location": "uksouth",
            "name": "SingleSSH-vm",
            "network_interface_ids": [
              "/subscriptions/051f07ef-f597-4f62-80e5-f3515f5e0aa3/resourceGroups/SingleSSH-Group/providers/Microsoft.Network/networkInterfaces/SingleSSH-nic"
            ],
            "os_profile": [
              {
                "admin_password": "",
                "admin_username": "hms",
                "computer_name": "testmachine",
                "custom_data": ""
              }
            ],
            "os_profile_linux_config": [
              {
                "disable_password_authentication": false,
                "ssh_keys": [
                  {
                    "key_data": "ssh-rsa AAAAB3NzaC1yc2EAAAADAQABAAABAQC8fI4o7MkXK2IEqfrGG4nP5hL5UR0xAY0KfLlpaOYSCpLu/nViOZPtrvNnRxZfQg3ALXMBniuWYutEmCG1hUp31Dc3Pl/1ycNgLTQx/5s56Bm7aGOA+8GjYAnhDMumRd6dwvKq8pAj/a/iz+sfMfCjicmE5te5GNp42VTz1Ajdz8SxCT/gYEhdrFEUhN+Yr+9Dk+V4GQ3gFGqxlc1RxGOMpxI6YHNhUiJnaeISlitW08jQECOjxMKUjDQped5LfDBTr/P19/+vdi1rp3FHOrpaMm5EQgnwKfQd3cpTLSZkmIQjG8dIQ3MhDXTHd8fJUaiKuAzAnQhiNQ1/xLAIPTSp hms@hms-VirtualBox\n ",
                    "path": "/home/hms/.ssh/authorized_keys"
                  }
                ]
              }
            ],
            "os_profile_secrets": [],
            "os_profile_windows_config": [],
            "plan": [],
            "primary_network_interface_id": null,
            "resource_group_name": "SingleSSH-Group",
            "storage_data_disk": [],
            "storage_image_reference": [
              {
                "id": "",
                "offer": "UbuntuServer",
                "publisher": "Canonical",
                "sku": "16.04-LTS",
                "version": "latest"
              }
            ],
            "storage_os_disk": [
              {
                "caching": "ReadWrite",
                "create_option": "FromImage",
                "disk_size_gb": 30,
                "image_uri": "",
                "managed_disk_id": "/subscriptions/051f07ef-f597-4f62-80e5-f3515f5e0aa3/resourceGroups/SingleSSH-Group/providers/Microsoft.Compute/disks/myosdisk1",
                "managed_disk_type": "Standard_LRS",
                "name": "myosdisk1",
                "os_type": "Linux",
                "vhd_uri": "",
                "write_accelerator_enabled": false
              }
            ],
            "tags": {
              "environment": "staging"
            },
            "vm_size": "Standard_B1MS",
            "zones": null
          },
          "private": "bnVsbA==",
          "depends_on": [
            "azurerm_network_interface.main",
            "azurerm_public_ip.main",
            "azurerm_resource_group.main"
          ]
        }
      ]
    },
    {
      "mode": "managed",
      "type": "azurerm_virtual_network",
      "name": "main",
      "provider": "provider.azurerm",
      "instances": [
        {
          "schema_version": 0,
          "attributes": {
            "address_space": [
              "10.0.0.0/16"
            ],
            "ddos_protection_plan": [],
            "dns_servers": null,
            "id": "/subscriptions/051f07ef-f597-4f62-80e5-f3515f5e0aa3/resourceGroups/SingleSSH-Group/providers/Microsoft.Network/virtualNetworks/SingleSSH-network",
            "location": "uksouth",
            "name": "SingleSSH-network",
            "resource_group_name": "SingleSSH-Group",
            "subnet": [],
            "tags": {}
          },
          "private": "bnVsbA==",
          "depends_on": [
            "azurerm_resource_group.main"
          ]
        }
      ]
    }
  ]
}
